
Microsoft Visual Studio Solution File, Format Version 12.00
# Visual Studio 14
VisualStudioVersion = 14.0.23107.0
MinimumVisualStudioVersion = 10.0.40219.1
Project("{FAE04EC0-301F-11D3-BF4B-00C04F79EFBC}") = "ZiborovPractice", "ZiborovPractice\ZiborovPractice.csproj", "{0355ECDE-9ED7-4605-9924-E5E0FAF6E010}"
EndProject
Project("{FAE04EC0-301F-11D3-BF4B-00C04F79EFBC}") = "MouseDraw", "MouseDraw\MouseDraw.csproj", "{5E7DE3E5-DF52-47A3-8110-759CE6D70790}"
EndProject
Project("{FAE04EC0-301F-11D3-BF4B-00C04F79EFBC}") = "AltPrtScreen", "AltPrtScreen\AltPrtScreen.csproj", "{BF6B2D82-9779-490D-839E-195BDC519968}"
EndProject
Project("{FAE04EC0-301F-11D3-BF4B-00C04F79EFBC}") = "SaveIntoBMP", "SaveIntoBMP\SaveIntoBMP.csproj", "{14855087-980B-47D4-8CC8-3FCFC1B3E145}"
EndProject
Project("{FAE04EC0-301F-11D3-BF4B-00C04F79EFBC}") = "NextZiborovExe", "NextZiborovExe\NextZiborovExe.csproj", "{D07B417D-2C80-40DA-A86D-A9128691CC3A}"
EndProject
Project("{FAE04EC0-301F-11D3-BF4B-00C04F79EFBC}") = "TableTxt", "TableTxt\TableTxt.csproj", "{CA110498-8159-442A-8EAF-79693B614A19}"
EndProject
Project("{FAE04EC0-301F-11D3-BF4B-00C04F79EFBC}") = "TablTxtPrint", "TablTxtPrint\TablTxtPrint.csproj", "{C9231D6E-6AD7-4E6D-88B4-9FF916973DAD}"
EndProject
Project("{FAE04EC0-301F-11D3-BF4B-00C04F79EFBC}") = "TablIntoHtml", "TablIntoHtml\TablIntoHtml.csproj", "{E657916B-B09C-44B5-A464-9D16A3851563}"
EndProject
Global
	GlobalSection(SolutionConfigurationPlatforms) = preSolution
		Debug|Any CPU = Debug|Any CPU
		Release|Any CPU = Release|Any CPU
	EndGlobalSection
	GlobalSection(ProjectConfigurationPlatforms) = postSolution
		{0355ECDE-9ED7-4605-9924-E5E0FAF6E010}.Debug|Any CPU.ActiveCfg = Debug|Any CPU
		{0355ECDE-9ED7-4605-9924-E5E0FAF6E010}.Debug|Any CPU.Build.0 = Debug|Any CPU
		{0355ECDE-9ED7-4605-9924-E5E0FAF6E010}.Release|Any CPU.ActiveCfg = Release|Any CPU
		{0355ECDE-9ED7-4605-9924-E5E0FAF6E010}.Release|Any CPU.Build.0 = Release|Any CPU
		{5E7DE3E5-DF52-47A3-8110-759CE6D70790}.Debug|Any CPU.ActiveCfg = Debug|Any CPU
		{5E7DE3E5-DF52-47A3-8110-759CE6D70790}.Debug|Any CPU.Build.0 = Debug|Any CPU
		{5E7DE3E5-DF52-47A3-8110-759CE6D70790}.Release|Any CPU.ActiveCfg = Release|Any CPU
		{5E7DE3E5-DF52-47A3-8110-759CE6D70790}.Release|Any CPU.Build.0 = Release|Any CPU
		{BF6B2D82-9779-490D-839E-195BDC519968}.Debug|Any CPU.ActiveCfg = Debug|Any CPU
		{BF6B2D82-9779-490D-839E-195BDC519968}.Debug|Any CPU.Build.0 = Debug|Any CPU
		{BF6B2D82-9779-490D-839E-195BDC519968}.Release|Any CPU.ActiveCfg = Release|Any CPU
		{BF6B2D82-9779-490D-839E-195BDC519968}.Release|Any CPU.Build.0 = Release|Any CPU
		{14855087-980B-47D4-8CC8-3FCFC1B3E145}.Debug|Any CPU.ActiveCfg = Debug|Any CPU
		{14855087-980B-47D4-8CC8-3FCFC1B3E145}.Debug|Any CPU.Build.0 = Debug|Any CPU
		{14855087-980B-47D4-8CC8-3FCFC1B3E145}.Release|Any CPU.ActiveCfg = Release|Any CPU
		{14855087-980B-47D4-8CC8-3FCFC1B3E145}.Release|Any CPU.Build.0 = Release|Any CPU
		{D07B417D-2C80-40DA-A86D-A9128691CC3A}.Debug|Any CPU.ActiveCfg = Debug|Any CPU
		{D07B417D-2C80-40DA-A86D-A9128691CC3A}.Debug|Any CPU.Build.0 = Debug|Any CPU
		{D07B417D-2C80-40DA-A86D-A9128691CC3A}.Release|Any CPU.ActiveCfg = Release|Any CPU
		{D07B417D-2C80-40DA-A86D-A9128691CC3A}.Release|Any CPU.Build.0 = Release|Any CPU
		{CA110498-8159-442A-8EAF-79693B614A19}.Debug|Any CPU.ActiveCfg = Debug|Any CPU
		{CA110498-8159-442A-8EAF-79693B614A19}.Debug|Any CPU.Build.0 = Debug|Any CPU
		{CA110498-8159-442A-8EAF-79693B614A19}.Release|Any CPU.ActiveCfg = Release|Any CPU
		{CA110498-8159-442A-8EAF-79693B614A19}.Release|Any CPU.Build.0 = Release|Any CPU
		{C9231D6E-6AD7-4E6D-88B4-9FF916973DAD}.Debug|Any CPU.ActiveCfg = Debug|Any CPU
		{C9231D6E-6AD7-4E6D-88B4-9FF916973DAD}.Debug|Any CPU.Build.0 = Debug|Any CPU
		{C9231D6E-6AD7-4E6D-88B4-9FF916973DAD}.Release|Any CPU.ActiveCfg = Release|Any CPU
		{C9231D6E-6AD7-4E6D-88B4-9FF916973DAD}.Release|Any CPU.Build.0 = Release|Any CPU
		{E657916B-B09C-44B5-A464-9D16A3851563}.Debug|Any CPU.ActiveCfg = Debug|Any CPU
		{E657916B-B09C-44B5-A464-9D16A3851563}.Debug|Any CPU.Build.0 = Debug|Any CPU
		{E657916B-B09C-44B5-A464-9D16A3851563}.Release|Any CPU.ActiveCfg = Release|Any CPU
		{E657916B-B09C-44B5-A464-9D16A3851563}.Release|Any CPU.Build.0 = Release|Any CPU
	EndGlobalSection
	GlobalSection(SolutionProperties) = preSolution
		HideSolutionNode = FALSE
	EndGlobalSection
EndGlobal
