
Microsoft Visual Studio Solution File, Format Version 12.00
# Visual Studio 14
VisualStudioVersion = 14.0.23107.0
MinimumVisualStudioVersion = 10.0.40219.1
Project("{FAE04EC0-301F-11D3-BF4B-00C04F79EFBC}") = "Ziborov2", "Ziborov2.csproj", "{4AACEE6C-A296-415B-AF13-C1C1DA4D3B85}"
EndProject
Global
	GlobalSection(SolutionConfigurationPlatforms) = preSolution
		Debug|Any CPU = Debug|Any CPU
		Release|Any CPU = Release|Any CPU
	EndGlobalSection
	GlobalSection(ProjectConfigurationPlatforms) = postSolution
		{4AACEE6C-A296-415B-AF13-C1C1DA4D3B85}.Debug|Any CPU.ActiveCfg = Debug|Any CPU
		{4AACEE6C-A296-415B-AF13-C1C1DA4D3B85}.Debug|Any CPU.Build.0 = Debug|Any CPU
		{4AACEE6C-A296-415B-AF13-C1C1DA4D3B85}.Release|Any CPU.ActiveCfg = Release|Any CPU
		{4AACEE6C-A296-415B-AF13-C1C1DA4D3B85}.Release|Any CPU.Build.0 = Release|Any CPU
	EndGlobalSection
	GlobalSection(SolutionProperties) = preSolution
		HideSolutionNode = FALSE
	EndGlobalSection
EndGlobal
